// !$*UTF8*$!
{
	archiveVersion = 1;
	classes = {
	};
	objectVersion = 46;
	objects = {

/* Begin PBXBuildFile section */
		1E3AB13C1E95B61F00D04C04 /* AppDelegate.swift in Sources */ = {isa = PBXBuildFile; fileRef = 1E3AB13B1E95B61F00D04C04 /* AppDelegate.swift */; };
		1E3AB13E1E95B61F00D04C04 /* ViewController.swift in Sources */ = {isa = PBXBuildFile; fileRef = 1E3AB13D1E95B61F00D04C04 /* ViewController.swift */; };
		1E3AB1431E95B61F00D04C04 /* Assets.xcassets in Resources */ = {isa = PBXBuildFile; fileRef = 1E3AB1421E95B61F00D04C04 /* Assets.xcassets */; };
		1E3AB1511E95CEA000D04C04 /* GameView.swift in Sources */ = {isa = PBXBuildFile; fileRef = 1E3AB1501E95CEA000D04C04 /* GameView.swift */; };
		1E3AB1531E96694600D04C04 /* Game.swift in Sources */ = {isa = PBXBuildFile; fileRef = 1E3AB1521E96694600D04C04 /* Game.swift */; };
		1E3AB1551E975BED00D04C04 /* Board.swift in Sources */ = {isa = PBXBuildFile; fileRef = 1E3AB1541E975BED00D04C04 /* Board.swift */; };
		1E3AB1571E99F7C400D04C04 /* Tile.swift in Sources */ = {isa = PBXBuildFile; fileRef = 1E3AB1561E99F7C400D04C04 /* Tile.swift */; };
		1E3AB1591E99F8E700D04C04 /* TitleViewController.swift in Sources */ = {isa = PBXBuildFile; fileRef = 1E3AB1581E99F8E700D04C04 /* TitleViewController.swift */; };
		1E3AB15B1E99F90B00D04C04 /* TitleScreenView.swift in Sources */ = {isa = PBXBuildFile; fileRef = 1E3AB15A1E99F90B00D04C04 /* TitleScreenView.swift */; };
		1E3AB15D1E99F94000D04C04 /* TutorialViewController.swift in Sources */ = {isa = PBXBuildFile; fileRef = 1E3AB15C1E99F94000D04C04 /* TutorialViewController.swift */; };
		1E3AB1621EA3490400D04C04 /* TitleVertex.glsl in Resources */ = {isa = PBXBuildFile; fileRef = 1E3AB1611EA3490400D04C04 /* TitleVertex.glsl */; };
		1E3AB1641EA3493E00D04C04 /* TitleFragment.glsl in Resources */ = {isa = PBXBuildFile; fileRef = 1E3AB1631EA3493E00D04C04 /* TitleFragment.glsl */; };
		1E4AE4421EA3544E00691D71 /* Default-568h@2x.png in Resources */ = {isa = PBXBuildFile; fileRef = 1E4AE4411EA3544E00691D71 /* Default-568h@2x.png */; };
		1E4AE4441EA3554100691D71 /* CreditsViewController.swift in Sources */ = {isa = PBXBuildFile; fileRef = 1E4AE4431EA3554100691D71 /* CreditsViewController.swift */; };
		1E4AE4461EA3853400691D71 /* ayy.jpg in Resources */ = {isa = PBXBuildFile; fileRef = 1E4AE4451EA3853400691D71 /* ayy.jpg */; };
/* End PBXBuildFile section */

/* Begin PBXFileReference section */
		1E3AB1381E95B61F00D04C04 /* Panello.app */ = {isa = PBXFileReference; explicitFileType = wrapper.application; includeInIndex = 0; path = Panello.app; sourceTree = BUILT_PRODUCTS_DIR; };
		1E3AB13B1E95B61F00D04C04 /* AppDelegate.swift */ = {isa = PBXFileReference; lastKnownFileType = sourcecode.swift; path = AppDelegate.swift; sourceTree = "<group>"; };
		1E3AB13D1E95B61F00D04C04 /* ViewController.swift */ = {isa = PBXFileReference; lastKnownFileType = sourcecode.swift; path = ViewController.swift; sourceTree = "<group>"; };
		1E3AB1421E95B61F00D04C04 /* Assets.xcassets */ = {isa = PBXFileReference; lastKnownFileType = folder.assetcatalog; path = Assets.xcassets; sourceTree = "<group>"; };
		1E3AB1471E95B61F00D04C04 /* Info.plist */ = {isa = PBXFileReference; lastKnownFileType = text.plist.xml; path = Info.plist; sourceTree = "<group>"; };
		1E3AB1501E95CEA000D04C04 /* GameView.swift */ = {isa = PBXFileReference; fileEncoding = 4; lastKnownFileType = sourcecode.swift; path = GameView.swift; sourceTree = "<group>"; };
		1E3AB1521E96694600D04C04 /* Game.swift */ = {isa = PBXFileReference; fileEncoding = 4; lastKnownFileType = sourcecode.swift; path = Game.swift; sourceTree = "<group>"; };
		1E3AB1541E975BED00D04C04 /* Board.swift */ = {isa = PBXFileReference; fileEncoding = 4; lastKnownFileType = sourcecode.swift; path = Board.swift; sourceTree = "<group>"; };
		1E3AB1561E99F7C400D04C04 /* Tile.swift */ = {isa = PBXFileReference; fileEncoding = 4; lastKnownFileType = sourcecode.swift; path = Tile.swift; sourceTree = "<group>"; };
		1E3AB1581E99F8E700D04C04 /* TitleViewController.swift */ = {isa = PBXFileReference; fileEncoding = 4; lastKnownFileType = sourcecode.swift; path = TitleViewController.swift; sourceTree = "<group>"; };
		1E3AB15A1E99F90B00D04C04 /* TitleScreenView.swift */ = {isa = PBXFileReference; fileEncoding = 4; lastKnownFileType = sourcecode.swift; path = TitleScreenView.swift; sourceTree = "<group>"; };
		1E3AB15C1E99F94000D04C04 /* TutorialViewController.swift */ = {isa = PBXFileReference; fileEncoding = 4; lastKnownFileType = sourcecode.swift; path = TutorialViewController.swift; sourceTree = "<group>"; };
		1E3AB1611EA3490400D04C04 /* TitleVertex.glsl */ = {isa = PBXFileReference; fileEncoding = 4; lastKnownFileType = text; path = TitleVertex.glsl; sourceTree = "<group>"; };
		1E3AB1631EA3493E00D04C04 /* TitleFragment.glsl */ = {isa = PBXFileReference; fileEncoding = 4; lastKnownFileType = text; path = TitleFragment.glsl; sourceTree = "<group>"; };
		1E4AE4411EA3544E00691D71 /* Default-568h@2x.png */ = {isa = PBXFileReference; lastKnownFileType = image.png; path = "Default-568h@2x.png"; sourceTree = "<group>"; };
		1E4AE4431EA3554100691D71 /* CreditsViewController.swift */ = {isa = PBXFileReference; fileEncoding = 4; lastKnownFileType = sourcecode.swift; path = CreditsViewController.swift; sourceTree = "<group>"; };
		1E4AE4451EA3853400691D71 /* ayy.jpg */ = {isa = PBXFileReference; lastKnownFileType = image.jpeg; path = ayy.jpg; sourceTree = "<group>"; };
/* End PBXFileReference section */

/* Begin PBXFrameworksBuildPhase section */
		1E3AB1351E95B61F00D04C04 /* Frameworks */ = {
			isa = PBXFrameworksBuildPhase;
			buildActionMask = 2147483647;
			files = (
			);
			runOnlyForDeploymentPostprocessing = 0;
		};
/* End PBXFrameworksBuildPhase section */

/* Begin PBXGroup section */
		1E3AB12F1E95B61F00D04C04 = {
			isa = PBXGroup;
			children = (
				1E3AB13A1E95B61F00D04C04 /* Panello */,
				1E3AB1391E95B61F00D04C04 /* Products */,
			);
			sourceTree = "<group>";
		};
		1E3AB1391E95B61F00D04C04 /* Products */ = {
			isa = PBXGroup;
			children = (
				1E3AB1381E95B61F00D04C04 /* Panello.app */,
			);
			name = Products;
			sourceTree = "<group>";
		};
		1E3AB13A1E95B61F00D04C04 /* Panello */ = {
			isa = PBXGroup;
			children = (
				1E3AB13B1E95B61F00D04C04 /* AppDelegate.swift */,
				1E3AB14F1E95BEDE00D04C04 /* Controllers */,
				1E3AB14E1E95BED900D04C04 /* Views */,
				1E3AB14D1E95BED100D04C04 /* Model */,
				1E3AB15E1EA348AB00D04C04 /* GLSources */,
				1E3AB13D1E95B61F00D04C04 /* ViewController.swift */,
				1E3AB1421E95B61F00D04C04 /* Assets.xcassets */,
				1E3AB1471E95B61F00D04C04 /* Info.plist */,
				1E4AE4451EA3853400691D71 /* ayy.jpg */,
				1E4AE4411EA3544E00691D71 /* Default-568h@2x.png */,
			);
			path = Panello;
			sourceTree = "<group>";
		};
		1E3AB14D1E95BED100D04C04 /* Model */ = {
			isa = PBXGroup;
			children = (
				1E3AB1521E96694600D04C04 /* Game.swift */,
				1E3AB1541E975BED00D04C04 /* Board.swift */,
				1E3AB1561E99F7C400D04C04 /* Tile.swift */,
			);
			name = Model;
			sourceTree = "<group>";
		};
		1E3AB14E1E95BED900D04C04 /* Views */ = {
			isa = PBXGroup;
			children = (
				1E3AB1501E95CEA000D04C04 /* GameView.swift */,
				1E3AB15A1E99F90B00D04C04 /* TitleScreenView.swift */,
			);
			name = Views;
			sourceTree = "<group>";
		};
		1E3AB14F1E95BEDE00D04C04 /* Controllers */ = {
			isa = PBXGroup;
			children = (
				1E3AB1581E99F8E700D04C04 /* TitleViewController.swift */,
				1E3AB15C1E99F94000D04C04 /* TutorialViewController.swift */,
				1E4AE4431EA3554100691D71 /* CreditsViewController.swift */,
			);
			name = Controllers;
			sourceTree = "<group>";
		};
		1E3AB15E1EA348AB00D04C04 /* GLSources */ = {
			isa = PBXGroup;
			children = (
				1E3AB1611EA3490400D04C04 /* TitleVertex.glsl */,
				1E3AB1631EA3493E00D04C04 /* TitleFragment.glsl */,
			);
			name = GLSources;
			sourceTree = "<group>";
		};
/* End PBXGroup section */

/* Begin PBXNativeTarget section */
		1E3AB1371E95B61F00D04C04 /* Panello */ = {
			isa = PBXNativeTarget;
			buildConfigurationList = 1E3AB14A1E95B61F00D04C04 /* Build configuration list for PBXNativeTarget "Panello" */;
			buildPhases = (
				1E3AB1341E95B61F00D04C04 /* Sources */,
				1E3AB1351E95B61F00D04C04 /* Frameworks */,
				1E3AB1361E95B61F00D04C04 /* Resources */,
			);
			buildRules = (
			);
			dependencies = (
			);
			name = Panello;
			productName = Panello;
			productReference = 1E3AB1381E95B61F00D04C04 /* Panello.app */;
			productType = "com.apple.product-type.application";
		};
/* End PBXNativeTarget section */

/* Begin PBXProject section */
		1E3AB1301E95B61F00D04C04 /* Project object */ = {
			isa = PBXProject;
			attributes = {
				LastSwiftUpdateCheck = 0820;
				LastUpgradeCheck = 0820;
				ORGANIZATIONNAME = "Andrew Roberts";
				TargetAttributes = {
					1E3AB1371E95B61F00D04C04 = {
						CreatedOnToolsVersion = 8.2.1;
						ProvisioningStyle = Automatic;
					};
				};
			};
			buildConfigurationList = 1E3AB1331E95B61F00D04C04 /* Build configuration list for PBXProject "Panello" */;
			compatibilityVersion = "Xcode 3.2";
			developmentRegion = English;
			hasScannedForEncodings = 0;
			knownRegions = (
				en,
				Base,
			);
			mainGroup = 1E3AB12F1E95B61F00D04C04;
			productRefGroup = 1E3AB1391E95B61F00D04C04 /* Products */;
			projectDirPath = "";
			projectRoot = "";
			targets = (
				1E3AB1371E95B61F00D04C04 /* Panello */,
			);
		};
/* End PBXProject section */

/* Begin PBXResourcesBuildPhase section */
		1E3AB1361E95B61F00D04C04 /* Resources */ = {
			isa = PBXResourcesBuildPhase;
			buildActionMask = 2147483647;
			files = (
				1E4AE4461EA3853400691D71 /* ayy.jpg in Resources */,
				1E3AB1641EA3493E00D04C04 /* TitleFragment.glsl in Resources */,
				1E4AE4421EA3544E00691D71 /* Default-568h@2x.png in Resources */,
				1E3AB1621EA3490400D04C04 /* TitleVertex.glsl in Resources */,
				1E3AB1431E95B61F00D04C04 /* Assets.xcassets in Resources */,
			);
			runOnlyForDeploymentPostprocessing = 0;
		};
/* End PBXResourcesBuildPhase section */

/* Begin PBXSourcesBuildPhase section */
		1E3AB1341E95B61F00D04C04 /* Sources */ = {
			isa = PBXSourcesBuildPhase;
			buildActionMask = 2147483647;
			files = (
				1E3AB1591E99F8E700D04C04 /* TitleViewController.swift in Sources */,
				1E3AB15D1E99F94000D04C04 /* TutorialViewController.swift in Sources */,
				1E3AB15B1E99F90B00D04C04 /* TitleScreenView.swift in Sources */,
				1E3AB13E1E95B61F00D04C04 /* ViewController.swift in Sources */,
				1E3AB1511E95CEA000D04C04 /* GameView.swift in Sources */,
				1E3AB1551E975BED00D04C04 /* Board.swift in Sources */,
				1E3AB1571E99F7C400D04C04 /* Tile.swift in Sources */,
				1E3AB13C1E95B61F00D04C04 /* AppDelegate.swift in Sources */,
				1E3AB1531E96694600D04C04 /* Game.swift in Sources */,
				1E4AE4441EA3554100691D71 /* CreditsViewController.swift in Sources */,
			);
			runOnlyForDeploymentPostprocessing = 0;
		};
/* End PBXSourcesBuildPhase section */

/* Begin XCBuildConfiguration section */
		1E3AB1481E95B61F00D04C04 /* Debug */ = {
			isa = XCBuildConfiguration;
			buildSettings = {
				ALWAYS_SEARCH_USER_PATHS = NO;
				CLANG_ANALYZER_NONNULL = YES;
				CLANG_CXX_LANGUAGE_STANDARD = "gnu++0x";
				CLANG_CXX_LIBRARY = "libc++";
				CLANG_ENABLE_MODULES = YES;
				CLANG_ENABLE_OBJC_ARC = YES;
				CLANG_WARN_BOOL_CONVERSION = YES;
				CLANG_WARN_CONSTANT_CONVERSION = YES;
				CLANG_WARN_DIRECT_OBJC_ISA_USAGE = YES_ERROR;
				CLANG_WARN_DOCUMENTATION_COMMENTS = YES;
				CLANG_WARN_EMPTY_BODY = YES;
				CLANG_WARN_ENUM_CONVERSION = YES;
				CLANG_WARN_INFINITE_RECURSION = YES;
				CLANG_WARN_INT_CONVERSION = YES;
				CLANG_WARN_OBJC_ROOT_CLASS = YES_ERROR;
				CLANG_WARN_SUSPICIOUS_MOVE = YES;
				CLANG_WARN_UNREACHABLE_CODE = YES;
				CLANG_WARN__DUPLICATE_METHOD_MATCH = YES;
				"CODE_SIGN_IDENTITY[sdk=iphoneos*]" = "iPhone Developer";
				COPY_PHASE_STRIP = NO;
				DEBUG_INFORMATION_FORMAT = dwarf;
				ENABLE_STRICT_OBJC_MSGSEND = YES;
				ENABLE_TESTABILITY = YES;
				GCC_C_LANGUAGE_STANDARD = gnu99;
				GCC_DYNAMIC_NO_PIC = NO;
				GCC_NO_COMMON_BLOCKS = YES;
				GCC_OPTIMIZATION_LEVEL = 0;
				GCC_PREPROCESSOR_DEFINITIONS = (
					"DEBUG=1",
					"$(inherited)",
				);
				GCC_WARN_64_TO_32_BIT_CONVERSION = YES;
				GCC_WARN_ABOUT_RETURN_TYPE = YES_ERROR;
				GCC_WARN_UNDECLARED_SELECTOR = YES;
				GCC_WARN_UNINITIALIZED_AUTOS = YES_AGGRESSIVE;
				GCC_WARN_UNUSED_FUNCTION = YES;
				GCC_WARN_UNUSED_VARIABLE = YES;
				IPHONEOS_DEPLOYMENT_TARGET = 10.2;
				MTL_ENABLE_DEBUG_INFO = YES;
				ONLY_ACTIVE_ARCH = YES;
				SDKROOT = iphoneos;
				SWIFT_ACTIVE_COMPILATION_CONDITIONS = DEBUG;
				SWIFT_OPTIMIZATION_LEVEL = "-Onone";
				TARGETED_DEVICE_FAMILY = "1,2";
			};
			name = Debug;
		};
		1E3AB1491E95B61F00D04C04 /* Release */ = {
			isa = XCBuildConfiguration;
			buildSettings = {
				ALWAYS_SEARCH_USER_PATHS = NO;
				CLANG_ANALYZER_NONNULL = YES;
				CLANG_CXX_LANGUAGE_STANDARD = "gnu++0x";
				CLANG_CXX_LIBRARY = "libc++";
				CLANG_ENABLE_MODULES = YES;
				CLANG_ENABLE_OBJC_ARC = YES;
				CLANG_WARN_BOOL_CONVERSION = YES;
				CLANG_WARN_CONSTANT_CONVERSION = YES;
				CLANG_WARN_DIRECT_OBJC_ISA_USAGE = YES_ERROR;
				CLANG_WARN_DOCUMENTATION_COMMENTS = YES;
				CLANG_WARN_EMPTY_BODY = YES;
				CLANG_WARN_ENUM_CONVERSION = YES;
				CLANG_WARN_INFINITE_RECURSION = YES;
				CLANG_WARN_INT_CONVERSION = YES;
				CLANG_WARN_OBJC_ROOT_CLASS = YES_ERROR;
				CLANG_WARN_SUSPICIOUS_MOVE = YES;
				CLANG_WARN_UNREACHABLE_CODE = YES;
				CLANG_WARN__DUPLICATE_METHOD_MATCH = YES;
				"CODE_SIGN_IDENTITY[sdk=iphoneos*]" = "iPhone Developer";
				COPY_PHASE_STRIP = NO;
				DEBUG_INFORMATION_FORMAT = "dwarf-with-dsym";
				ENABLE_NS_ASSERTIONS = NO;
				ENABLE_STRICT_OBJC_MSGSEND = YES;
				GCC_C_LANGUAGE_STANDARD = gnu99;
				GCC_NO_COMMON_BLOCKS = YES;
				GCC_WARN_64_TO_32_BIT_CONVERSION = YES;
				GCC_WARN_ABOUT_RETURN_TYPE = YES_ERROR;
				GCC_WARN_UNDECLARED_SELECTOR = YES;
				GCC_WARN_UNINITIALIZED_AUTOS = YES_AGGRESSIVE;
				GCC_WARN_UNUSED_FUNCTION = YES;
				GCC_WARN_UNUSED_VARIABLE = YES;
				IPHONEOS_DEPLOYMENT_TARGET = 10.2;
				MTL_ENABLE_DEBUG_INFO = NO;
				SDKROOT = iphoneos;
				SWIFT_OPTIMIZATION_LEVEL = "-Owholemodule";
				TARGETED_DEVICE_FAMILY = "1,2";
				VALIDATE_PRODUCT = YES;
			};
			name = Release;
		};
		1E3AB14B1E95B61F00D04C04 /* Debug */ = {
			isa = XCBuildConfiguration;
			buildSettings = {
				ASSETCATALOG_COMPILER_APPICON_NAME = AppIcon;
				INFOPLIST_FILE = Panello/Info.plist;
				LD_RUNPATH_SEARCH_PATHS = "$(inherited) @executable_path/Frameworks";
				PRODUCT_BUNDLE_IDENTIFIER = edu.utah.cs4530.Panello;
				PRODUCT_NAME = "$(TARGET_NAME)";
				SWIFT_VERSION = 3.0;
			};
			name = Debug;
		};
		1E3AB14C1E95B61F00D04C04 /* Release */ = {
			isa = XCBuildConfiguration;
			buildSettings = {
				ASSETCATALOG_COMPILER_APPICON_NAME = AppIcon;
				INFOPLIST_FILE = Panello/Info.plist;
				LD_RUNPATH_SEARCH_PATHS = "$(inherited) @executable_path/Frameworks";
				PRODUCT_BUNDLE_IDENTIFIER = edu.utah.cs4530.Panello;
				PRODUCT_NAME = "$(TARGET_NAME)";
				SWIFT_VERSION = 3.0;
			};
			name = Release;
		};
/* End XCBuildConfiguration section */

/* Begin XCConfigurationList section */
		1E3AB1331E95B61F00D04C04 /* Build configuration list for PBXProject "Panello" */ = {
			isa = XCConfigurationList;
			buildConfigurations = (
				1E3AB1481E95B61F00D04C04 /* Debug */,
				1E3AB1491E95B61F00D04C04 /* Release */,
			);
			defaultConfigurationIsVisible = 0;
			defaultConfigurationName = Release;
		};
		1E3AB14A1E95B61F00D04C04 /* Build configuration list for PBXNativeTarget "Panello" */ = {
			isa = XCConfigurationList;
			buildConfigurations = (
				1E3AB14B1E95B61F00D04C04 /* Debug */,
				1E3AB14C1E95B61F00D04C04 /* Release */,
			);
			defaultConfigurationIsVisible = 0;
			defaultConfigurationName = Release;
		};
/* End XCConfigurationList section */
	};
	rootObject = 1E3AB1301E95B61F00D04C04 /* Project object */;
}
