// !$*UTF8*$!
{
	archiveVersion = 1;
	classes = {
	};
	objectVersion = 46;
	objects = {

/* Begin PBXBuildFile section */
		1E04CB5E1EAAF58F004D4F80 /* blocks.png in Resources */ = {isa = PBXBuildFile; fileRef = 1E04CB5D1EAAF58F004D4F80 /* blocks.png */; };
		1E04CB601EADC0F0004D4F80 /* EndlessGame.swift in Sources */ = {isa = PBXBuildFile; fileRef = 1E04CB5F1EADC0F0004D4F80 /* EndlessGame.swift */; };
		1E04CB621EADC0F9004D4F80 /* PuzzleGame.swift in Sources */ = {isa = PBXBuildFile; fileRef = 1E04CB611EADC0F9004D4F80 /* PuzzleGame.swift */; };
		1E04CB641EADC105004D4F80 /* TimeTrialGame.swift in Sources */ = {isa = PBXBuildFile; fileRef = 1E04CB631EADC105004D4F80 /* TimeTrialGame.swift */; };
		1E04CB661EADC117004D4F80 /* StageGame.swift in Sources */ = {isa = PBXBuildFile; fileRef = 1E04CB651EADC117004D4F80 /* StageGame.swift */; };
		1E04CB681EADC147004D4F80 /* BackgroundSelectViewController.swift in Sources */ = {isa = PBXBuildFile; fileRef = 1E04CB671EADC147004D4F80 /* BackgroundSelectViewController.swift */; };
		1E04CB6A1EADC152004D4F80 /* StageSelectViewController.swift in Sources */ = {isa = PBXBuildFile; fileRef = 1E04CB691EADC152004D4F80 /* StageSelectViewController.swift */; };
		1E04CB6C1EADC160004D4F80 /* PuzzleSelectViewController.swift in Sources */ = {isa = PBXBuildFile; fileRef = 1E04CB6B1EADC160004D4F80 /* PuzzleSelectViewController.swift */; };
		1E04CB6E1EADC176004D4F80 /* HighScoreViewController.swift in Sources */ = {isa = PBXBuildFile; fileRef = 1E04CB6D1EADC176004D4F80 /* HighScoreViewController.swift */; };
		1E04CB701EADC343004D4F80 /* MainMenuViewController.swift in Sources */ = {isa = PBXBuildFile; fileRef = 1E04CB6F1EADC343004D4F80 /* MainMenuViewController.swift */; };
		1E04CB721EB03CBB004D4F80 /* font.png in Resources */ = {isa = PBXBuildFile; fileRef = 1E04CB711EB03CBB004D4F80 /* font.png */; };
		1E04CB761EB042EB004D4F80 /* TextFragment.glsl in Resources */ = {isa = PBXBuildFile; fileRef = 1E04CB751EB042EB004D4F80 /* TextFragment.glsl */; };
		1E3AB13C1E95B61F00D04C04 /* AppDelegate.swift in Sources */ = {isa = PBXBuildFile; fileRef = 1E3AB13B1E95B61F00D04C04 /* AppDelegate.swift */; };
		1E3AB1431E95B61F00D04C04 /* Assets.xcassets in Resources */ = {isa = PBXBuildFile; fileRef = 1E3AB1421E95B61F00D04C04 /* Assets.xcassets */; };
		1E3AB1531E96694600D04C04 /* Game.swift in Sources */ = {isa = PBXBuildFile; fileRef = 1E3AB1521E96694600D04C04 /* Game.swift */; };
		1E3AB1551E975BED00D04C04 /* Board.swift in Sources */ = {isa = PBXBuildFile; fileRef = 1E3AB1541E975BED00D04C04 /* Board.swift */; };
		1E3AB1571E99F7C400D04C04 /* Panel.swift in Sources */ = {isa = PBXBuildFile; fileRef = 1E3AB1561E99F7C400D04C04 /* Panel.swift */; };
		1E3AB1591E99F8E700D04C04 /* TitleViewController.swift in Sources */ = {isa = PBXBuildFile; fileRef = 1E3AB1581E99F8E700D04C04 /* TitleViewController.swift */; };
		1E3AB15D1E99F94000D04C04 /* TutorialViewController.swift in Sources */ = {isa = PBXBuildFile; fileRef = 1E3AB15C1E99F94000D04C04 /* TutorialViewController.swift */; };
		1E3AB1621EA3490400D04C04 /* PanelVertex.glsl in Resources */ = {isa = PBXBuildFile; fileRef = 1E3AB1611EA3490400D04C04 /* PanelVertex.glsl */; };
		1E3AB1641EA3493E00D04C04 /* PanelFragment.glsl in Resources */ = {isa = PBXBuildFile; fileRef = 1E3AB1631EA3493E00D04C04 /* PanelFragment.glsl */; };
		1E42D5541EA82982005C08F0 /* TextRenderer.swift in Sources */ = {isa = PBXBuildFile; fileRef = 1E42D5531EA82982005C08F0 /* TextRenderer.swift */; };
		1E42D5561EA8CCAD005C08F0 /* GameViewController.swift in Sources */ = {isa = PBXBuildFile; fileRef = 1E42D5551EA8CCAD005C08F0 /* GameViewController.swift */; };
		1E42D5581EA8CD73005C08F0 /* Animation.swift in Sources */ = {isa = PBXBuildFile; fileRef = 1E42D5571EA8CD73005C08F0 /* Animation.swift */; };
		1E42D55A1EA8CD83005C08F0 /* BorderRenderer.swift in Sources */ = {isa = PBXBuildFile; fileRef = 1E42D5591EA8CD83005C08F0 /* BorderRenderer.swift */; };
		1E4AE4421EA3544E00691D71 /* Default-568h@2x.png in Resources */ = {isa = PBXBuildFile; fileRef = 1E4AE4411EA3544E00691D71 /* Default-568h@2x.png */; };
		1E4AE4441EA3554100691D71 /* CreditsViewController.swift in Sources */ = {isa = PBXBuildFile; fileRef = 1E4AE4431EA3554100691D71 /* CreditsViewController.swift */; };
		1E4AE4481EA6398500691D71 /* Background.swift in Sources */ = {isa = PBXBuildFile; fileRef = 1E4AE4471EA6398500691D71 /* Background.swift */; };
		1E4AE44A1EA68F0A00691D71 /* BackgroundVertex.glsl in Resources */ = {isa = PBXBuildFile; fileRef = 1E4AE4491EA68F0A00691D71 /* BackgroundVertex.glsl */; };
		1E4AE44C1EA68F1F00691D71 /* BackgroundFragment.glsl in Resources */ = {isa = PBXBuildFile; fileRef = 1E4AE44B1EA68F1F00691D71 /* BackgroundFragment.glsl */; };
		1EA911131EB09F5A008FFD7E /* TextVertex.glsl in Resources */ = {isa = PBXBuildFile; fileRef = 1EA911121EB09F5A008FFD7E /* TextVertex.glsl */; };
/* End PBXBuildFile section */

/* Begin PBXFileReference section */
		1E04CB5D1EAAF58F004D4F80 /* blocks.png */ = {isa = PBXFileReference; lastKnownFileType = image.png; path = blocks.png; sourceTree = "<group>"; };
		1E04CB5F1EADC0F0004D4F80 /* EndlessGame.swift */ = {isa = PBXFileReference; fileEncoding = 4; lastKnownFileType = sourcecode.swift; path = EndlessGame.swift; sourceTree = "<group>"; };
		1E04CB611EADC0F9004D4F80 /* PuzzleGame.swift */ = {isa = PBXFileReference; fileEncoding = 4; lastKnownFileType = sourcecode.swift; path = PuzzleGame.swift; sourceTree = "<group>"; };
		1E04CB631EADC105004D4F80 /* TimeTrialGame.swift */ = {isa = PBXFileReference; fileEncoding = 4; lastKnownFileType = sourcecode.swift; path = TimeTrialGame.swift; sourceTree = "<group>"; };
		1E04CB651EADC117004D4F80 /* StageGame.swift */ = {isa = PBXFileReference; fileEncoding = 4; lastKnownFileType = sourcecode.swift; path = StageGame.swift; sourceTree = "<group>"; };
		1E04CB671EADC147004D4F80 /* BackgroundSelectViewController.swift */ = {isa = PBXFileReference; fileEncoding = 4; lastKnownFileType = sourcecode.swift; path = BackgroundSelectViewController.swift; sourceTree = "<group>"; };
		1E04CB691EADC152004D4F80 /* StageSelectViewController.swift */ = {isa = PBXFileReference; fileEncoding = 4; lastKnownFileType = sourcecode.swift; path = StageSelectViewController.swift; sourceTree = "<group>"; };
		1E04CB6B1EADC160004D4F80 /* PuzzleSelectViewController.swift */ = {isa = PBXFileReference; fileEncoding = 4; lastKnownFileType = sourcecode.swift; path = PuzzleSelectViewController.swift; sourceTree = "<group>"; };
		1E04CB6D1EADC176004D4F80 /* HighScoreViewController.swift */ = {isa = PBXFileReference; fileEncoding = 4; lastKnownFileType = sourcecode.swift; path = HighScoreViewController.swift; sourceTree = "<group>"; };
		1E04CB6F1EADC343004D4F80 /* MainMenuViewController.swift */ = {isa = PBXFileReference; fileEncoding = 4; lastKnownFileType = sourcecode.swift; path = MainMenuViewController.swift; sourceTree = "<group>"; };
		1E04CB711EB03CBB004D4F80 /* font.png */ = {isa = PBXFileReference; lastKnownFileType = image.png; path = font.png; sourceTree = "<group>"; };
		1E04CB751EB042EB004D4F80 /* TextFragment.glsl */ = {isa = PBXFileReference; fileEncoding = 4; lastKnownFileType = text; path = TextFragment.glsl; sourceTree = "<group>"; };
		1E3AB1381E95B61F00D04C04 /* Panello.app */ = {isa = PBXFileReference; explicitFileType = wrapper.application; includeInIndex = 0; path = Panello.app; sourceTree = BUILT_PRODUCTS_DIR; };
		1E3AB13B1E95B61F00D04C04 /* AppDelegate.swift */ = {isa = PBXFileReference; lastKnownFileType = sourcecode.swift; path = AppDelegate.swift; sourceTree = "<group>"; };
		1E3AB1421E95B61F00D04C04 /* Assets.xcassets */ = {isa = PBXFileReference; lastKnownFileType = folder.assetcatalog; path = Assets.xcassets; sourceTree = "<group>"; };
		1E3AB1471E95B61F00D04C04 /* Info.plist */ = {isa = PBXFileReference; lastKnownFileType = text.plist.xml; path = Info.plist; sourceTree = "<group>"; };
		1E3AB1521E96694600D04C04 /* Game.swift */ = {isa = PBXFileReference; fileEncoding = 4; lastKnownFileType = sourcecode.swift; path = Game.swift; sourceTree = "<group>"; };
		1E3AB1541E975BED00D04C04 /* Board.swift */ = {isa = PBXFileReference; fileEncoding = 4; lastKnownFileType = sourcecode.swift; path = Board.swift; sourceTree = "<group>"; };
		1E3AB1561E99F7C400D04C04 /* Panel.swift */ = {isa = PBXFileReference; fileEncoding = 4; lastKnownFileType = sourcecode.swift; path = Panel.swift; sourceTree = "<group>"; };
		1E3AB1581E99F8E700D04C04 /* TitleViewController.swift */ = {isa = PBXFileReference; fileEncoding = 4; lastKnownFileType = sourcecode.swift; path = TitleViewController.swift; sourceTree = "<group>"; };
		1E3AB15C1E99F94000D04C04 /* TutorialViewController.swift */ = {isa = PBXFileReference; fileEncoding = 4; lastKnownFileType = sourcecode.swift; path = TutorialViewController.swift; sourceTree = "<group>"; };
		1E3AB1611EA3490400D04C04 /* PanelVertex.glsl */ = {isa = PBXFileReference; fileEncoding = 4; lastKnownFileType = text; path = PanelVertex.glsl; sourceTree = "<group>"; };
		1E3AB1631EA3493E00D04C04 /* PanelFragment.glsl */ = {isa = PBXFileReference; fileEncoding = 4; lastKnownFileType = text; path = PanelFragment.glsl; sourceTree = "<group>"; };
		1E42D5531EA82982005C08F0 /* TextRenderer.swift */ = {isa = PBXFileReference; fileEncoding = 4; lastKnownFileType = sourcecode.swift; path = TextRenderer.swift; sourceTree = "<group>"; };
		1E42D5551EA8CCAD005C08F0 /* GameViewController.swift */ = {isa = PBXFileReference; fileEncoding = 4; lastKnownFileType = sourcecode.swift; path = GameViewController.swift; sourceTree = "<group>"; };
		1E42D5571EA8CD73005C08F0 /* Animation.swift */ = {isa = PBXFileReference; fileEncoding = 4; lastKnownFileType = sourcecode.swift; path = Animation.swift; sourceTree = "<group>"; };
		1E42D5591EA8CD83005C08F0 /* BorderRenderer.swift */ = {isa = PBXFileReference; fileEncoding = 4; lastKnownFileType = sourcecode.swift; path = BorderRenderer.swift; sourceTree = "<group>"; };
		1E4AE4411EA3544E00691D71 /* Default-568h@2x.png */ = {isa = PBXFileReference; lastKnownFileType = image.png; path = "Default-568h@2x.png"; sourceTree = "<group>"; };
		1E4AE4431EA3554100691D71 /* CreditsViewController.swift */ = {isa = PBXFileReference; fileEncoding = 4; lastKnownFileType = sourcecode.swift; path = CreditsViewController.swift; sourceTree = "<group>"; };
		1E4AE4471EA6398500691D71 /* Background.swift */ = {isa = PBXFileReference; fileEncoding = 4; lastKnownFileType = sourcecode.swift; path = Background.swift; sourceTree = "<group>"; };
		1E4AE4491EA68F0A00691D71 /* BackgroundVertex.glsl */ = {isa = PBXFileReference; fileEncoding = 4; lastKnownFileType = text; path = BackgroundVertex.glsl; sourceTree = "<group>"; };
		1E4AE44B1EA68F1F00691D71 /* BackgroundFragment.glsl */ = {isa = PBXFileReference; fileEncoding = 4; lastKnownFileType = text; path = BackgroundFragment.glsl; sourceTree = "<group>"; };
		1EA911121EB09F5A008FFD7E /* TextVertex.glsl */ = {isa = PBXFileReference; fileEncoding = 4; lastKnownFileType = text; path = TextVertex.glsl; sourceTree = "<group>"; };
/* End PBXFileReference section */

/* Begin PBXFrameworksBuildPhase section */
		1E3AB1351E95B61F00D04C04 /* Frameworks */ = {
			isa = PBXFrameworksBuildPhase;
			buildActionMask = 2147483647;
			files = (
			);
			runOnlyForDeploymentPostprocessing = 0;
		};
/* End PBXFrameworksBuildPhase section */

/* Begin PBXGroup section */
		1E3AB12F1E95B61F00D04C04 = {
			isa = PBXGroup;
			children = (
				1E3AB13A1E95B61F00D04C04 /* Panello */,
				1E3AB1391E95B61F00D04C04 /* Products */,
			);
			sourceTree = "<group>";
		};
		1E3AB1391E95B61F00D04C04 /* Products */ = {
			isa = PBXGroup;
			children = (
				1E3AB1381E95B61F00D04C04 /* Panello.app */,
			);
			name = Products;
			sourceTree = "<group>";
		};
		1E3AB13A1E95B61F00D04C04 /* Panello */ = {
			isa = PBXGroup;
			children = (
				1E3AB13B1E95B61F00D04C04 /* AppDelegate.swift */,
				1E3AB14F1E95BEDE00D04C04 /* Controllers */,
				1E3AB14E1E95BED900D04C04 /* Renderers */,
				1E3AB14D1E95BED100D04C04 /* Models */,
				1E3AB15E1EA348AB00D04C04 /* GLSources */,
				1E42D55B1EA8CDD1005C08F0 /* Textures */,
				1E3AB1421E95B61F00D04C04 /* Assets.xcassets */,
				1E3AB1471E95B61F00D04C04 /* Info.plist */,
				1E4AE4411EA3544E00691D71 /* Default-568h@2x.png */,
			);
			path = Panello;
			sourceTree = "<group>";
		};
		1E3AB14D1E95BED100D04C04 /* Models */ = {
			isa = PBXGroup;
			children = (
				1E3AB1521E96694600D04C04 /* Game.swift */,
				1E04CB5F1EADC0F0004D4F80 /* EndlessGame.swift */,
				1E04CB631EADC105004D4F80 /* TimeTrialGame.swift */,
				1E04CB651EADC117004D4F80 /* StageGame.swift */,
				1E04CB611EADC0F9004D4F80 /* PuzzleGame.swift */,
				1E3AB1541E975BED00D04C04 /* Board.swift */,
				1E3AB1561E99F7C400D04C04 /* Panel.swift */,
				1E4AE4471EA6398500691D71 /* Background.swift */,
			);
			name = Models;
			sourceTree = "<group>";
		};
		1E3AB14E1E95BED900D04C04 /* Renderers */ = {
			isa = PBXGroup;
			children = (
				1E42D5531EA82982005C08F0 /* TextRenderer.swift */,
				1E42D5571EA8CD73005C08F0 /* Animation.swift */,
				1E42D5591EA8CD83005C08F0 /* BorderRenderer.swift */,
			);
			name = Renderers;
			sourceTree = "<group>";
		};
		1E3AB14F1E95BEDE00D04C04 /* Controllers */ = {
			isa = PBXGroup;
			children = (
				1E3AB1581E99F8E700D04C04 /* TitleViewController.swift */,
				1E04CB6F1EADC343004D4F80 /* MainMenuViewController.swift */,
				1E04CB671EADC147004D4F80 /* BackgroundSelectViewController.swift */,
				1E04CB691EADC152004D4F80 /* StageSelectViewController.swift */,
				1E04CB6B1EADC160004D4F80 /* PuzzleSelectViewController.swift */,
				1E42D5551EA8CCAD005C08F0 /* GameViewController.swift */,
				1E04CB6D1EADC176004D4F80 /* HighScoreViewController.swift */,
				1E3AB15C1E99F94000D04C04 /* TutorialViewController.swift */,
				1E4AE4431EA3554100691D71 /* CreditsViewController.swift */,
			);
			name = Controllers;
			sourceTree = "<group>";
		};
		1E3AB15E1EA348AB00D04C04 /* GLSources */ = {
			isa = PBXGroup;
			children = (
				1E4AE4491EA68F0A00691D71 /* BackgroundVertex.glsl */,
				1E4AE44B1EA68F1F00691D71 /* BackgroundFragment.glsl */,
				1E3AB1611EA3490400D04C04 /* PanelVertex.glsl */,
				1E3AB1631EA3493E00D04C04 /* PanelFragment.glsl */,
				1EA911121EB09F5A008FFD7E /* TextVertex.glsl */,
				1E04CB751EB042EB004D4F80 /* TextFragment.glsl */,
			);
			name = GLSources;
			sourceTree = "<group>";
		};
		1E42D55B1EA8CDD1005C08F0 /* Textures */ = {
			isa = PBXGroup;
			children = (
				1E04CB5D1EAAF58F004D4F80 /* blocks.png */,
				1E04CB711EB03CBB004D4F80 /* font.png */,
			);
			name = Textures;
			sourceTree = "<group>";
		};
/* End PBXGroup section */

/* Begin PBXNativeTarget section */
		1E3AB1371E95B61F00D04C04 /* Panello */ = {
			isa = PBXNativeTarget;
			buildConfigurationList = 1E3AB14A1E95B61F00D04C04 /* Build configuration list for PBXNativeTarget "Panello" */;
			buildPhases = (
				1E3AB1341E95B61F00D04C04 /* Sources */,
				1E3AB1351E95B61F00D04C04 /* Frameworks */,
				1E3AB1361E95B61F00D04C04 /* Resources */,
			);
			buildRules = (
			);
			dependencies = (
			);
			name = Panello;
			productName = Panello;
			productReference = 1E3AB1381E95B61F00D04C04 /* Panello.app */;
			productType = "com.apple.product-type.application";
		};
/* End PBXNativeTarget section */

/* Begin PBXProject section */
		1E3AB1301E95B61F00D04C04 /* Project object */ = {
			isa = PBXProject;
			attributes = {
				LastSwiftUpdateCheck = 0820;
				LastUpgradeCheck = 0820;
				ORGANIZATIONNAME = "Andrew Roberts";
				TargetAttributes = {
					1E3AB1371E95B61F00D04C04 = {
						CreatedOnToolsVersion = 8.2.1;
						ProvisioningStyle = Automatic;
					};
				};
			};
			buildConfigurationList = 1E3AB1331E95B61F00D04C04 /* Build configuration list for PBXProject "Panello" */;
			compatibilityVersion = "Xcode 3.2";
			developmentRegion = English;
			hasScannedForEncodings = 0;
			knownRegions = (
				en,
				Base,
			);
			mainGroup = 1E3AB12F1E95B61F00D04C04;
			productRefGroup = 1E3AB1391E95B61F00D04C04 /* Products */;
			projectDirPath = "";
			projectRoot = "";
			targets = (
				1E3AB1371E95B61F00D04C04 /* Panello */,
			);
		};
/* End PBXProject section */

/* Begin PBXResourcesBuildPhase section */
		1E3AB1361E95B61F00D04C04 /* Resources */ = {
			isa = PBXResourcesBuildPhase;
			buildActionMask = 2147483647;
			files = (
				1E4AE44A1EA68F0A00691D71 /* BackgroundVertex.glsl in Resources */,
				1E04CB761EB042EB004D4F80 /* TextFragment.glsl in Resources */,
				1E3AB1641EA3493E00D04C04 /* PanelFragment.glsl in Resources */,
				1E4AE4421EA3544E00691D71 /* Default-568h@2x.png in Resources */,
				1E3AB1621EA3490400D04C04 /* PanelVertex.glsl in Resources */,
				1E04CB721EB03CBB004D4F80 /* font.png in Resources */,
				1EA911131EB09F5A008FFD7E /* TextVertex.glsl in Resources */,
				1E3AB1431E95B61F00D04C04 /* Assets.xcassets in Resources */,
				1E04CB5E1EAAF58F004D4F80 /* blocks.png in Resources */,
				1E4AE44C1EA68F1F00691D71 /* BackgroundFragment.glsl in Resources */,
			);
			runOnlyForDeploymentPostprocessing = 0;
		};
/* End PBXResourcesBuildPhase section */

/* Begin PBXSourcesBuildPhase section */
		1E3AB1341E95B61F00D04C04 /* Sources */ = {
			isa = PBXSourcesBuildPhase;
			buildActionMask = 2147483647;
			files = (
				1E42D55A1EA8CD83005C08F0 /* BorderRenderer.swift in Sources */,
				1E42D5581EA8CD73005C08F0 /* Animation.swift in Sources */,
				1E42D5561EA8CCAD005C08F0 /* GameViewController.swift in Sources */,
				1E04CB681EADC147004D4F80 /* BackgroundSelectViewController.swift in Sources */,
				1E4AE4481EA6398500691D71 /* Background.swift in Sources */,
				1E04CB6A1EADC152004D4F80 /* StageSelectViewController.swift in Sources */,
				1E04CB641EADC105004D4F80 /* TimeTrialGame.swift in Sources */,
				1E04CB601EADC0F0004D4F80 /* EndlessGame.swift in Sources */,
				1E3AB1591E99F8E700D04C04 /* TitleViewController.swift in Sources */,
				1E42D5541EA82982005C08F0 /* TextRenderer.swift in Sources */,
				1E04CB661EADC117004D4F80 /* StageGame.swift in Sources */,
				1E04CB6E1EADC176004D4F80 /* HighScoreViewController.swift in Sources */,
				1E04CB6C1EADC160004D4F80 /* PuzzleSelectViewController.swift in Sources */,
				1E3AB15D1E99F94000D04C04 /* TutorialViewController.swift in Sources */,
				1E3AB1551E975BED00D04C04 /* Board.swift in Sources */,
				1E04CB621EADC0F9004D4F80 /* PuzzleGame.swift in Sources */,
				1E3AB1571E99F7C400D04C04 /* Panel.swift in Sources */,
				1E3AB13C1E95B61F00D04C04 /* AppDelegate.swift in Sources */,
				1E04CB701EADC343004D4F80 /* MainMenuViewController.swift in Sources */,
				1E3AB1531E96694600D04C04 /* Game.swift in Sources */,
				1E4AE4441EA3554100691D71 /* CreditsViewController.swift in Sources */,
			);
			runOnlyForDeploymentPostprocessing = 0;
		};
/* End PBXSourcesBuildPhase section */

/* Begin XCBuildConfiguration section */
		1E3AB1481E95B61F00D04C04 /* Debug */ = {
			isa = XCBuildConfiguration;
			buildSettings = {
				ALWAYS_SEARCH_USER_PATHS = NO;
				CLANG_ANALYZER_NONNULL = YES;
				CLANG_CXX_LANGUAGE_STANDARD = "gnu++0x";
				CLANG_CXX_LIBRARY = "libc++";
				CLANG_ENABLE_MODULES = YES;
				CLANG_ENABLE_OBJC_ARC = YES;
				CLANG_WARN_BOOL_CONVERSION = YES;
				CLANG_WARN_CONSTANT_CONVERSION = YES;
				CLANG_WARN_DIRECT_OBJC_ISA_USAGE = YES_ERROR;
				CLANG_WARN_DOCUMENTATION_COMMENTS = YES;
				CLANG_WARN_EMPTY_BODY = YES;
				CLANG_WARN_ENUM_CONVERSION = YES;
				CLANG_WARN_INFINITE_RECURSION = YES;
				CLANG_WARN_INT_CONVERSION = YES;
				CLANG_WARN_OBJC_ROOT_CLASS = YES_ERROR;
				CLANG_WARN_SUSPICIOUS_MOVE = YES;
				CLANG_WARN_UNREACHABLE_CODE = YES;
				CLANG_WARN__DUPLICATE_METHOD_MATCH = YES;
				"CODE_SIGN_IDENTITY[sdk=iphoneos*]" = "iPhone Developer";
				COPY_PHASE_STRIP = NO;
				DEBUG_INFORMATION_FORMAT = dwarf;
				ENABLE_STRICT_OBJC_MSGSEND = YES;
				ENABLE_TESTABILITY = YES;
				GCC_C_LANGUAGE_STANDARD = gnu99;
				GCC_DYNAMIC_NO_PIC = NO;
				GCC_NO_COMMON_BLOCKS = YES;
				GCC_OPTIMIZATION_LEVEL = 0;
				GCC_PREPROCESSOR_DEFINITIONS = (
					"DEBUG=1",
					"$(inherited)",
				);
				GCC_WARN_64_TO_32_BIT_CONVERSION = YES;
				GCC_WARN_ABOUT_RETURN_TYPE = YES_ERROR;
				GCC_WARN_UNDECLARED_SELECTOR = YES;
				GCC_WARN_UNINITIALIZED_AUTOS = YES_AGGRESSIVE;
				GCC_WARN_UNUSED_FUNCTION = YES;
				GCC_WARN_UNUSED_VARIABLE = YES;
				IPHONEOS_DEPLOYMENT_TARGET = 10.2;
				MTL_ENABLE_DEBUG_INFO = YES;
				ONLY_ACTIVE_ARCH = YES;
				SDKROOT = iphoneos;
				SWIFT_ACTIVE_COMPILATION_CONDITIONS = DEBUG;
				SWIFT_OPTIMIZATION_LEVEL = "-Onone";
				TARGETED_DEVICE_FAMILY = "1,2";
			};
			name = Debug;
		};
		1E3AB1491E95B61F00D04C04 /* Release */ = {
			isa = XCBuildConfiguration;
			buildSettings = {
				ALWAYS_SEARCH_USER_PATHS = NO;
				CLANG_ANALYZER_NONNULL = YES;
				CLANG_CXX_LANGUAGE_STANDARD = "gnu++0x";
				CLANG_CXX_LIBRARY = "libc++";
				CLANG_ENABLE_MODULES = YES;
				CLANG_ENABLE_OBJC_ARC = YES;
				CLANG_WARN_BOOL_CONVERSION = YES;
				CLANG_WARN_CONSTANT_CONVERSION = YES;
				CLANG_WARN_DIRECT_OBJC_ISA_USAGE = YES_ERROR;
				CLANG_WARN_DOCUMENTATION_COMMENTS = YES;
				CLANG_WARN_EMPTY_BODY = YES;
				CLANG_WARN_ENUM_CONVERSION = YES;
				CLANG_WARN_INFINITE_RECURSION = YES;
				CLANG_WARN_INT_CONVERSION = YES;
				CLANG_WARN_OBJC_ROOT_CLASS = YES_ERROR;
				CLANG_WARN_SUSPICIOUS_MOVE = YES;
				CLANG_WARN_UNREACHABLE_CODE = YES;
				CLANG_WARN__DUPLICATE_METHOD_MATCH = YES;
				"CODE_SIGN_IDENTITY[sdk=iphoneos*]" = "iPhone Developer";
				COPY_PHASE_STRIP = NO;
				DEBUG_INFORMATION_FORMAT = "dwarf-with-dsym";
				ENABLE_NS_ASSERTIONS = NO;
				ENABLE_STRICT_OBJC_MSGSEND = YES;
				GCC_C_LANGUAGE_STANDARD = gnu99;
				GCC_NO_COMMON_BLOCKS = YES;
				GCC_WARN_64_TO_32_BIT_CONVERSION = YES;
				GCC_WARN_ABOUT_RETURN_TYPE = YES_ERROR;
				GCC_WARN_UNDECLARED_SELECTOR = YES;
				GCC_WARN_UNINITIALIZED_AUTOS = YES_AGGRESSIVE;
				GCC_WARN_UNUSED_FUNCTION = YES;
				GCC_WARN_UNUSED_VARIABLE = YES;
				IPHONEOS_DEPLOYMENT_TARGET = 10.2;
				MTL_ENABLE_DEBUG_INFO = NO;
				SDKROOT = iphoneos;
				SWIFT_OPTIMIZATION_LEVEL = "-Owholemodule";
				TARGETED_DEVICE_FAMILY = "1,2";
				VALIDATE_PRODUCT = YES;
			};
			name = Release;
		};
		1E3AB14B1E95B61F00D04C04 /* Debug */ = {
			isa = XCBuildConfiguration;
			buildSettings = {
				ASSETCATALOG_COMPILER_APPICON_NAME = AppIcon;
				INFOPLIST_FILE = Panello/Info.plist;
				LD_RUNPATH_SEARCH_PATHS = "$(inherited) @executable_path/Frameworks";
				PRODUCT_BUNDLE_IDENTIFIER = edu.utah.cs4530.Panello;
				PRODUCT_NAME = "$(TARGET_NAME)";
				SWIFT_VERSION = 3.0;
			};
			name = Debug;
		};
		1E3AB14C1E95B61F00D04C04 /* Release */ = {
			isa = XCBuildConfiguration;
			buildSettings = {
				ASSETCATALOG_COMPILER_APPICON_NAME = AppIcon;
				INFOPLIST_FILE = Panello/Info.plist;
				LD_RUNPATH_SEARCH_PATHS = "$(inherited) @executable_path/Frameworks";
				PRODUCT_BUNDLE_IDENTIFIER = edu.utah.cs4530.Panello;
				PRODUCT_NAME = "$(TARGET_NAME)";
				SWIFT_VERSION = 3.0;
			};
			name = Release;
		};
/* End XCBuildConfiguration section */

/* Begin XCConfigurationList section */
		1E3AB1331E95B61F00D04C04 /* Build configuration list for PBXProject "Panello" */ = {
			isa = XCConfigurationList;
			buildConfigurations = (
				1E3AB1481E95B61F00D04C04 /* Debug */,
				1E3AB1491E95B61F00D04C04 /* Release */,
			);
			defaultConfigurationIsVisible = 0;
			defaultConfigurationName = Release;
		};
		1E3AB14A1E95B61F00D04C04 /* Build configuration list for PBXNativeTarget "Panello" */ = {
			isa = XCConfigurationList;
			buildConfigurations = (
				1E3AB14B1E95B61F00D04C04 /* Debug */,
				1E3AB14C1E95B61F00D04C04 /* Release */,
			);
			defaultConfigurationIsVisible = 0;
			defaultConfigurationName = Release;
		};
/* End XCConfigurationList section */
	};
	rootObject = 1E3AB1301E95B61F00D04C04 /* Project object */;
}
